
Microsoft Visual Studio Solution File, Format Version 12.00
# Visual Studio 15
Project("{FAE04EC0-301F-11D3-BF4B-00C04F79EFBC}") = "Vhmap", "Vhmap\Vhmap.csproj", "{172BB3C8-EF7C-41FE-9B0D-3815D2B09E62}"
EndProject
Project("{FAE04EC0-301F-11D3-BF4B-00C04F79EFBC}") = "Vhmap.Tests", "Vhmap.Tests\Vhmap.Tests.csproj", "{43686AFC-FCDB-492C-91F2-FBBB8085A95B}"
EndProject
Global
	GlobalSection(SolutionConfigurationPlatforms) = preSolution
		Debug|Any CPU = Debug|Any CPU
		Release|Any CPU = Release|Any CPU
	EndGlobalSection
	GlobalSection(ProjectConfigurationPlatforms) = postSolution
		{172BB3C8-EF7C-41FE-9B0D-3815D2B09E62}.Debug|Any CPU.ActiveCfg = Debug|Any CPU
		{172BB3C8-EF7C-41FE-9B0D-3815D2B09E62}.Debug|Any CPU.Build.0 = Debug|Any CPU
		{172BB3C8-EF7C-41FE-9B0D-3815D2B09E62}.Release|Any CPU.ActiveCfg = Release|Any CPU
		{172BB3C8-EF7C-41FE-9B0D-3815D2B09E62}.Release|Any CPU.Build.0 = Release|Any CPU
		{43686AFC-FCDB-492C-91F2-FBBB8085A95B}.Debug|Any CPU.ActiveCfg = Debug|Any CPU
		{43686AFC-FCDB-492C-91F2-FBBB8085A95B}.Debug|Any CPU.Build.0 = Debug|Any CPU
		{43686AFC-FCDB-492C-91F2-FBBB8085A95B}.Release|Any CPU.ActiveCfg = Release|Any CPU
		{43686AFC-FCDB-492C-91F2-FBBB8085A95B}.Release|Any CPU.Build.0 = Release|Any CPU
	EndGlobalSection
EndGlobal
